
Microsoft Visual Studio Solution File, Format Version 12.00
# Visual Studio Version 17
VisualStudioVersion = 17.5.33424.131
MinimumVisualStudioVersion = 10.0.40219.1
Project("{888888A0-9F3D-457C-B088-3A5042F75D52}") = "Day 19", "Day 19\Day 19.pyproj", "{D09C68C5-25B4-45C6-975B-8524043139AA}"
EndProject
Global
	GlobalSection(SolutionConfigurationPlatforms) = preSolution
		Debug|Any CPU = Debug|Any CPU
		Release|Any CPU = Release|Any CPU
	EndGlobalSection
	GlobalSection(ProjectConfigurationPlatforms) = postSolution
		{D09C68C5-25B4-45C6-975B-8524043139AA}.Debug|Any CPU.ActiveCfg = Debug|Any CPU
		{D09C68C5-25B4-45C6-975B-8524043139AA}.Release|Any CPU.ActiveCfg = Release|Any CPU
	EndGlobalSection
	GlobalSection(SolutionProperties) = preSolution
		HideSolutionNode = FALSE
	EndGlobalSection
	GlobalSection(ExtensibilityGlobals) = postSolution
		SolutionGuid = {092F8928-B818-4C1D-94A3-C89B27AB8A17}
	EndGlobalSection
EndGlobal
